version = 1

[[distribution]]
name = "colorama"
version = "0.4.6"
source = "registry+https://pypi.org/simple"

[distribution.sdist]
url = "https://files.pythonhosted.org/packages/d8/53/6f443c9a4a8358a93a6792e2acffb9d9d5cb0a5cfd8802644b7b1c9a02e4/colorama-0.4.6.tar.gz"
hash = "sha256:08695f5cb7ed6e0531a20572697297273c47b8cae5a63ffc6d6ed5c201be6e44"
size = 27697

[[distribution.wheel]]
url = "https://files.pythonhosted.org/packages/d1/d6/3965ed04c63042e047cb6a3e6ed1a63a35087b6a609aa3a15ed8ac56c221/colorama-0.4.6-py2.py3-none-any.whl"
hash = "sha256:4f1d9991f5acc0ca119f9d443620b77f9d6b33703e51011c16baf57afb285fc6"
size = 25335

[[distribution]]
name = "competitive-coding-challenges"
version = "0.1.0"
source = "directory+file:///home/user/competitive-coding-challenges"

[distribution.sdist]
url = "file:///home/user/competitive-coding-challenges"

[[distribution.dependencies]]
name = "printopia"
version = "0.4.0"
source = "registry+https://pypi.org/simple"

[[distribution]]
name = "printopia"
version = "0.4.0"
source = "registry+https://pypi.org/simple"

[distribution.sdist]
url = "https://files.pythonhosted.org/packages/ac/21/b7e48a367a5b2c58e9b9ec09c25e4f71d3970381a4b101d0edc018376ecb/printopia-0.4.0.tar.gz"
hash = "sha256:34988f9d77234b4f34f8a04a3f8eef78de758124335d8ea089fabf10e936ec0c"
size = 2341

[[distribution.wheel]]
url = "https://files.pythonhosted.org/packages/ce/1a/ccc839d988a24c86b8088a28209ead62fd82bdd81fc23f40a579192c5761/printopia-0.4.0-py3-none-any.whl"
hash = "sha256:81cfc9e37d393b314b054a455cd178e210ebe679252c9d523affdef3843cb139"
size = 2718

[[distribution.dependencies]]
name = "colorama"
version = "0.4.6"
source = "registry+https://pypi.org/simple"
